
Microsoft Visual Studio Solution File, Format Version 12.00
# Visual Studio Version 17
VisualStudioVersion = 17.1.32210.238
MinimumVisualStudioVersion = 10.0.40219.1
Project("{2150E333-8FDC-42A3-9474-1A3956D46DE8}") = "BackEnd", "BackEnd", "{DD104AE9-5BF7-4E77-B640-A1806CA54089}"
EndProject
Project("{2150E333-8FDC-42A3-9474-1A3956D46DE8}") = "FrontEnd", "FrontEnd", "{ABE7644A-9B98-4130-AF82-EE37FC9CF6F0}"
EndProject
Project("{2150E333-8FDC-42A3-9474-1A3956D46DE8}") = "Shared", "Shared", "{5AB6AC45-DAB1-46DC-95CC-79201B47BC9C}"
EndProject
Project("{9A19103F-16F7-4668-BE54-9A1E7A4F7556}") = "TreeCore.BackEnd.API", "TreeCore.BackEnd.API\TreeCore.BackEnd.API.csproj", "{65936867-1EB1-45DC-8D68-68AB7573C165}"
EndProject
Project("{9A19103F-16F7-4668-BE54-9A1E7A4F7556}") = "TreeCore.BackEnd.Data", "TreeCore.BackEnd.Data\TreeCore.BackEnd.Data.csproj", "{88DAF2FE-8CA0-4D5B-BFF6-D36058110F63}"
EndProject
Project("{9A19103F-16F7-4668-BE54-9A1E7A4F7556}") = "TreeCore.BackEnd.Model", "TreeCore.BackEnd.Model\TreeCore.BackEnd.Model.csproj", "{F11CCD0D-1246-4144-B6C7-91946178A5C9}"
EndProject
Project("{9A19103F-16F7-4668-BE54-9A1E7A4F7556}") = "TreeCore.BackEnd.Service", "TreeCore.BackEnd.Service\TreeCore.BackEnd.Service.csproj", "{6AC5C065-12EB-4B21-9482-C9B13E9D45F4}"
EndProject
Project("{9A19103F-16F7-4668-BE54-9A1E7A4F7556}") = "TreeCore.BackEnd.ServiceDependencies", "TreeCore.BackEnd.ServiceDependencies\TreeCore.BackEnd.ServiceDependencies.csproj", "{7247C97A-D875-4E70-8561-9A37DF0FC580}"
EndProject
Project("{9A19103F-16F7-4668-BE54-9A1E7A4F7556}") = "TreeCore.BackEnd.TestUnit", "TreeCore.BackEnd.TestUnit\TreeCore.BackEnd.TestUnit.csproj", "{674F9A3D-99A6-44AD-883A-098CA55A54E5}"
EndProject
Project("{9A19103F-16F7-4668-BE54-9A1E7A4F7556}") = "TreeCore.BackEnd.Translations", "TreeCore.BackEnd.Translations\TreeCore.BackEnd.Translations.csproj", "{F90B3D70-6812-46C9-B50D-ED09E4B04124}"
EndProject
Project("{9A19103F-16F7-4668-BE54-9A1E7A4F7556}") = "TreeCore.BackEnd.WorkerServices", "TreeCore.BackEnd.WorkerService\TreeCore.BackEnd.WorkerServices.csproj", "{92D5A522-8A04-48EF-9E09-F7A5F6BCC796}"
	ProjectSection(ProjectDependencies) = postProject
		{F11CCD0D-1246-4144-B6C7-91946178A5C9} = {F11CCD0D-1246-4144-B6C7-91946178A5C9}
		{330A994D-F014-4E38-B715-143844BE04AB} = {330A994D-F014-4E38-B715-143844BE04AB}
		{409D8150-862B-45A0-9C63-445823A977A2} = {409D8150-862B-45A0-9C63-445823A977A2}
		{CB10C69C-ACE4-4881-A90E-761328C1DEA1} = {CB10C69C-ACE4-4881-A90E-761328C1DEA1}
		{88DAF2FE-8CA0-4D5B-BFF6-D36058110F63} = {88DAF2FE-8CA0-4D5B-BFF6-D36058110F63}
	EndProjectSection
EndProject
Project("{FAE04EC0-301F-11D3-BF4B-00C04F79EFBC}") = "TreeCore", "TreeCore.Web\TreeCore.csproj", "{22750E5E-AE4C-4BFA-8F77-89785C449073}"
EndProject
Project("{9A19103F-16F7-4668-BE54-9A1E7A4F7556}") = "TreeCore.Shared.ApiScopes", "TreeCore.Shared.ApiScopes\TreeCore.Shared.ApiScopes.csproj", "{D288CF51-0AC9-4E00-A20B-B061035D97B4}"
EndProject
Project("{9A19103F-16F7-4668-BE54-9A1E7A4F7556}") = "TreeCore.Shared.Data", "TreeCore.Shared.Data\TreeCore.Shared.Data.csproj", "{330A994D-F014-4E38-B715-143844BE04AB}"
	ProjectSection(ProjectDependencies) = postProject
		{409D8150-862B-45A0-9C63-445823A977A2} = {409D8150-862B-45A0-9C63-445823A977A2}
		{CB10C69C-ACE4-4881-A90E-761328C1DEA1} = {CB10C69C-ACE4-4881-A90E-761328C1DEA1}
	EndProjectSection
EndProject
Project("{9A19103F-16F7-4668-BE54-9A1E7A4F7556}") = "TreeCore.Shared.DTO", "TreeCore.Shared.DTO\TreeCore.Shared.DTO.csproj", "{CB10C69C-ACE4-4881-A90E-761328C1DEA1}"
EndProject
Project("{9A19103F-16F7-4668-BE54-9A1E7A4F7556}") = "TreeCore.Shared.Language", "TreeCore.Shared.Language\TreeCore.Shared.Language.csproj", "{344CE327-BFF2-4508-8CBF-9C856D7B002E}"
EndProject
Project("{9A19103F-16F7-4668-BE54-9A1E7A4F7556}") = "TreeCore.Shared.ROP", "TreeCore.Shared.ROP\TreeCore.Shared.ROP.csproj", "{409D8150-862B-45A0-9C63-445823A977A2}"
EndProject
Project("{9A19103F-16F7-4668-BE54-9A1E7A4F7556}") = "TreeCore.Shared.Utilities", "TreeCore.Shared.Utilities\TreeCore.Shared.Utilities.csproj", "{617083B2-0A3C-493C-8A6D-7AAB53D15F22}"
EndProject
Global
	GlobalSection(SolutionConfigurationPlatforms) = preSolution
		_Desarrollador_Fran|Any CPU = _Desarrollador_Fran|Any CPU
		_Desarrollador_JaviDominguez|Any CPU = _Desarrollador_JaviDominguez|Any CPU
		_Desarrollador_MiguelAngel|Any CPU = _Desarrollador_MiguelAngel|Any CPU
		_Desarrollador_Pedro|Any CPU = _Desarrollador_Pedro|Any CPU
		Debug|Any CPU = Debug|Any CPU
		Release|Any CPU = Release|Any CPU
		WEB_Release|Any CPU = WEB_Release|Any CPU
		WEB_Telenor_Nube_Olivo|Any CPU = WEB_Telenor_Nube_Olivo|Any CPU
		WEB_Telenor_Nube_TiB|Any CPU = WEB_Telenor_Nube_TiB|Any CPU
		WEB_Telenor_TiB|Any CPU = WEB_Telenor_TiB|Any CPU
	EndGlobalSection
	GlobalSection(ProjectConfigurationPlatforms) = postSolution
		{65936867-1EB1-45DC-8D68-68AB7573C165}._Desarrollador_Fran|Any CPU.ActiveCfg = Debug|Any CPU
		{65936867-1EB1-45DC-8D68-68AB7573C165}._Desarrollador_Fran|Any CPU.Build.0 = Debug|Any CPU
		{65936867-1EB1-45DC-8D68-68AB7573C165}._Desarrollador_JaviDominguez|Any CPU.ActiveCfg = Debug|Any CPU
		{65936867-1EB1-45DC-8D68-68AB7573C165}._Desarrollador_JaviDominguez|Any CPU.Build.0 = Debug|Any CPU
		{65936867-1EB1-45DC-8D68-68AB7573C165}._Desarrollador_MiguelAngel|Any CPU.ActiveCfg = Debug|Any CPU
		{65936867-1EB1-45DC-8D68-68AB7573C165}._Desarrollador_MiguelAngel|Any CPU.Build.0 = Debug|Any CPU
		{65936867-1EB1-45DC-8D68-68AB7573C165}._Desarrollador_Pedro|Any CPU.ActiveCfg = Debug|Any CPU
		{65936867-1EB1-45DC-8D68-68AB7573C165}._Desarrollador_Pedro|Any CPU.Build.0 = Debug|Any CPU
		{65936867-1EB1-45DC-8D68-68AB7573C165}.Debug|Any CPU.ActiveCfg = Debug|Any CPU
		{65936867-1EB1-45DC-8D68-68AB7573C165}.Debug|Any CPU.Build.0 = Debug|Any CPU
		{65936867-1EB1-45DC-8D68-68AB7573C165}.Release|Any CPU.ActiveCfg = Release|Any CPU
		{65936867-1EB1-45DC-8D68-68AB7573C165}.Release|Any CPU.Build.0 = Release|Any CPU
		{65936867-1EB1-45DC-8D68-68AB7573C165}.WEB_Release|Any CPU.ActiveCfg = Release|Any CPU
		{65936867-1EB1-45DC-8D68-68AB7573C165}.WEB_Release|Any CPU.Build.0 = Release|Any CPU
		{65936867-1EB1-45DC-8D68-68AB7573C165}.WEB_Telenor_Nube_Olivo|Any CPU.ActiveCfg = Debug|Any CPU
		{65936867-1EB1-45DC-8D68-68AB7573C165}.WEB_Telenor_Nube_Olivo|Any CPU.Build.0 = Debug|Any CPU
		{65936867-1EB1-45DC-8D68-68AB7573C165}.WEB_Telenor_Nube_TiB|Any CPU.ActiveCfg = Debug|Any CPU
		{65936867-1EB1-45DC-8D68-68AB7573C165}.WEB_Telenor_Nube_TiB|Any CPU.Build.0 = Debug|Any CPU
		{65936867-1EB1-45DC-8D68-68AB7573C165}.WEB_Telenor_TiB|Any CPU.ActiveCfg = Debug|Any CPU
		{65936867-1EB1-45DC-8D68-68AB7573C165}.WEB_Telenor_TiB|Any CPU.Build.0 = Debug|Any CPU
		{88DAF2FE-8CA0-4D5B-BFF6-D36058110F63}._Desarrollador_Fran|Any CPU.ActiveCfg = Debug|Any CPU
		{88DAF2FE-8CA0-4D5B-BFF6-D36058110F63}._Desarrollador_Fran|Any CPU.Build.0 = Debug|Any CPU
		{88DAF2FE-8CA0-4D5B-BFF6-D36058110F63}._Desarrollador_JaviDominguez|Any CPU.ActiveCfg = Debug|Any CPU
		{88DAF2FE-8CA0-4D5B-BFF6-D36058110F63}._Desarrollador_JaviDominguez|Any CPU.Build.0 = Debug|Any CPU
		{88DAF2FE-8CA0-4D5B-BFF6-D36058110F63}._Desarrollador_MiguelAngel|Any CPU.ActiveCfg = Debug|Any CPU
		{88DAF2FE-8CA0-4D5B-BFF6-D36058110F63}._Desarrollador_MiguelAngel|Any CPU.Build.0 = Debug|Any CPU
		{88DAF2FE-8CA0-4D5B-BFF6-D36058110F63}._Desarrollador_Pedro|Any CPU.ActiveCfg = Debug|Any CPU
		{88DAF2FE-8CA0-4D5B-BFF6-D36058110F63}._Desarrollador_Pedro|Any CPU.Build.0 = Debug|Any CPU
		{88DAF2FE-8CA0-4D5B-BFF6-D36058110F63}.Debug|Any CPU.ActiveCfg = Debug|Any CPU
		{88DAF2FE-8CA0-4D5B-BFF6-D36058110F63}.Debug|Any CPU.Build.0 = Debug|Any CPU
		{88DAF2FE-8CA0-4D5B-BFF6-D36058110F63}.Release|Any CPU.ActiveCfg = Release|Any CPU
		{88DAF2FE-8CA0-4D5B-BFF6-D36058110F63}.Release|Any CPU.Build.0 = Release|Any CPU
		{88DAF2FE-8CA0-4D5B-BFF6-D36058110F63}.WEB_Release|Any CPU.ActiveCfg = Release|Any CPU
		{88DAF2FE-8CA0-4D5B-BFF6-D36058110F63}.WEB_Release|Any CPU.Build.0 = Release|Any CPU
		{88DAF2FE-8CA0-4D5B-BFF6-D36058110F63}.WEB_Telenor_Nube_Olivo|Any CPU.ActiveCfg = Debug|Any CPU
		{88DAF2FE-8CA0-4D5B-BFF6-D36058110F63}.WEB_Telenor_Nube_Olivo|Any CPU.Build.0 = Debug|Any CPU
		{88DAF2FE-8CA0-4D5B-BFF6-D36058110F63}.WEB_Telenor_Nube_TiB|Any CPU.ActiveCfg = Debug|Any CPU
		{88DAF2FE-8CA0-4D5B-BFF6-D36058110F63}.WEB_Telenor_Nube_TiB|Any CPU.Build.0 = Debug|Any CPU
		{88DAF2FE-8CA0-4D5B-BFF6-D36058110F63}.WEB_Telenor_TiB|Any CPU.ActiveCfg = Debug|Any CPU
		{88DAF2FE-8CA0-4D5B-BFF6-D36058110F63}.WEB_Telenor_TiB|Any CPU.Build.0 = Debug|Any CPU
		{F11CCD0D-1246-4144-B6C7-91946178A5C9}._Desarrollador_Fran|Any CPU.ActiveCfg = Debug|Any CPU
		{F11CCD0D-1246-4144-B6C7-91946178A5C9}._Desarrollador_Fran|Any CPU.Build.0 = Debug|Any CPU
		{F11CCD0D-1246-4144-B6C7-91946178A5C9}._Desarrollador_JaviDominguez|Any CPU.ActiveCfg = Debug|Any CPU
		{F11CCD0D-1246-4144-B6C7-91946178A5C9}._Desarrollador_JaviDominguez|Any CPU.Build.0 = Debug|Any CPU
		{F11CCD0D-1246-4144-B6C7-91946178A5C9}._Desarrollador_MiguelAngel|Any CPU.ActiveCfg = Debug|Any CPU
		{F11CCD0D-1246-4144-B6C7-91946178A5C9}._Desarrollador_MiguelAngel|Any CPU.Build.0 = Debug|Any CPU
		{F11CCD0D-1246-4144-B6C7-91946178A5C9}._Desarrollador_Pedro|Any CPU.ActiveCfg = Debug|Any CPU
		{F11CCD0D-1246-4144-B6C7-91946178A5C9}._Desarrollador_Pedro|Any CPU.Build.0 = Debug|Any CPU
		{F11CCD0D-1246-4144-B6C7-91946178A5C9}.Debug|Any CPU.ActiveCfg = Debug|Any CPU
		{F11CCD0D-1246-4144-B6C7-91946178A5C9}.Debug|Any CPU.Build.0 = Debug|Any CPU
		{F11CCD0D-1246-4144-B6C7-91946178A5C9}.Release|Any CPU.ActiveCfg = Release|Any CPU
		{F11CCD0D-1246-4144-B6C7-91946178A5C9}.Release|Any CPU.Build.0 = Release|Any CPU
		{F11CCD0D-1246-4144-B6C7-91946178A5C9}.WEB_Release|Any CPU.ActiveCfg = Release|Any CPU
		{F11CCD0D-1246-4144-B6C7-91946178A5C9}.WEB_Release|Any CPU.Build.0 = Release|Any CPU
		{F11CCD0D-1246-4144-B6C7-91946178A5C9}.WEB_Telenor_Nube_Olivo|Any CPU.ActiveCfg = Debug|Any CPU
		{F11CCD0D-1246-4144-B6C7-91946178A5C9}.WEB_Telenor_Nube_Olivo|Any CPU.Build.0 = Debug|Any CPU
		{F11CCD0D-1246-4144-B6C7-91946178A5C9}.WEB_Telenor_Nube_TiB|Any CPU.ActiveCfg = Debug|Any CPU
		{F11CCD0D-1246-4144-B6C7-91946178A5C9}.WEB_Telenor_Nube_TiB|Any CPU.Build.0 = Debug|Any CPU
		{F11CCD0D-1246-4144-B6C7-91946178A5C9}.WEB_Telenor_TiB|Any CPU.ActiveCfg = Debug|Any CPU
		{F11CCD0D-1246-4144-B6C7-91946178A5C9}.WEB_Telenor_TiB|Any CPU.Build.0 = Debug|Any CPU
		{6AC5C065-12EB-4B21-9482-C9B13E9D45F4}._Desarrollador_Fran|Any CPU.ActiveCfg = Debug|Any CPU
		{6AC5C065-12EB-4B21-9482-C9B13E9D45F4}._Desarrollador_Fran|Any CPU.Build.0 = Debug|Any CPU
		{6AC5C065-12EB-4B21-9482-C9B13E9D45F4}._Desarrollador_JaviDominguez|Any CPU.ActiveCfg = Debug|Any CPU
		{6AC5C065-12EB-4B21-9482-C9B13E9D45F4}._Desarrollador_JaviDominguez|Any CPU.Build.0 = Debug|Any CPU
		{6AC5C065-12EB-4B21-9482-C9B13E9D45F4}._Desarrollador_MiguelAngel|Any CPU.ActiveCfg = Debug|Any CPU
		{6AC5C065-12EB-4B21-9482-C9B13E9D45F4}._Desarrollador_MiguelAngel|Any CPU.Build.0 = Debug|Any CPU
		{6AC5C065-12EB-4B21-9482-C9B13E9D45F4}._Desarrollador_Pedro|Any CPU.ActiveCfg = Debug|Any CPU
		{6AC5C065-12EB-4B21-9482-C9B13E9D45F4}._Desarrollador_Pedro|Any CPU.Build.0 = Debug|Any CPU
		{6AC5C065-12EB-4B21-9482-C9B13E9D45F4}.Debug|Any CPU.ActiveCfg = Debug|Any CPU
		{6AC5C065-12EB-4B21-9482-C9B13E9D45F4}.Debug|Any CPU.Build.0 = Debug|Any CPU
		{6AC5C065-12EB-4B21-9482-C9B13E9D45F4}.Release|Any CPU.ActiveCfg = Release|Any CPU
		{6AC5C065-12EB-4B21-9482-C9B13E9D45F4}.Release|Any CPU.Build.0 = Release|Any CPU
		{6AC5C065-12EB-4B21-9482-C9B13E9D45F4}.WEB_Release|Any CPU.ActiveCfg = Release|Any CPU
		{6AC5C065-12EB-4B21-9482-C9B13E9D45F4}.WEB_Release|Any CPU.Build.0 = Release|Any CPU
		{6AC5C065-12EB-4B21-9482-C9B13E9D45F4}.WEB_Telenor_Nube_Olivo|Any CPU.ActiveCfg = Debug|Any CPU
		{6AC5C065-12EB-4B21-9482-C9B13E9D45F4}.WEB_Telenor_Nube_Olivo|Any CPU.Build.0 = Debug|Any CPU
		{6AC5C065-12EB-4B21-9482-C9B13E9D45F4}.WEB_Telenor_Nube_TiB|Any CPU.ActiveCfg = Debug|Any CPU
		{6AC5C065-12EB-4B21-9482-C9B13E9D45F4}.WEB_Telenor_Nube_TiB|Any CPU.Build.0 = Debug|Any CPU
		{6AC5C065-12EB-4B21-9482-C9B13E9D45F4}.WEB_Telenor_TiB|Any CPU.ActiveCfg = Debug|Any CPU
		{6AC5C065-12EB-4B21-9482-C9B13E9D45F4}.WEB_Telenor_TiB|Any CPU.Build.0 = Debug|Any CPU
		{7247C97A-D875-4E70-8561-9A37DF0FC580}._Desarrollador_Fran|Any CPU.ActiveCfg = Debug|Any CPU
		{7247C97A-D875-4E70-8561-9A37DF0FC580}._Desarrollador_Fran|Any CPU.Build.0 = Debug|Any CPU
		{7247C97A-D875-4E70-8561-9A37DF0FC580}._Desarrollador_JaviDominguez|Any CPU.ActiveCfg = Debug|Any CPU
		{7247C97A-D875-4E70-8561-9A37DF0FC580}._Desarrollador_JaviDominguez|Any CPU.Build.0 = Debug|Any CPU
		{7247C97A-D875-4E70-8561-9A37DF0FC580}._Desarrollador_MiguelAngel|Any CPU.ActiveCfg = Debug|Any CPU
		{7247C97A-D875-4E70-8561-9A37DF0FC580}._Desarrollador_MiguelAngel|Any CPU.Build.0 = Debug|Any CPU
		{7247C97A-D875-4E70-8561-9A37DF0FC580}._Desarrollador_Pedro|Any CPU.ActiveCfg = Debug|Any CPU
		{7247C97A-D875-4E70-8561-9A37DF0FC580}._Desarrollador_Pedro|Any CPU.Build.0 = Debug|Any CPU
		{7247C97A-D875-4E70-8561-9A37DF0FC580}.Debug|Any CPU.ActiveCfg = Debug|Any CPU
		{7247C97A-D875-4E70-8561-9A37DF0FC580}.Debug|Any CPU.Build.0 = Debug|Any CPU
		{7247C97A-D875-4E70-8561-9A37DF0FC580}.Release|Any CPU.ActiveCfg = Release|Any CPU
		{7247C97A-D875-4E70-8561-9A37DF0FC580}.Release|Any CPU.Build.0 = Release|Any CPU
		{7247C97A-D875-4E70-8561-9A37DF0FC580}.WEB_Release|Any CPU.ActiveCfg = Release|Any CPU
		{7247C97A-D875-4E70-8561-9A37DF0FC580}.WEB_Release|Any CPU.Build.0 = Release|Any CPU
		{7247C97A-D875-4E70-8561-9A37DF0FC580}.WEB_Telenor_Nube_Olivo|Any CPU.ActiveCfg = Debug|Any CPU
		{7247C97A-D875-4E70-8561-9A37DF0FC580}.WEB_Telenor_Nube_Olivo|Any CPU.Build.0 = Debug|Any CPU
		{7247C97A-D875-4E70-8561-9A37DF0FC580}.WEB_Telenor_Nube_TiB|Any CPU.ActiveCfg = Debug|Any CPU
		{7247C97A-D875-4E70-8561-9A37DF0FC580}.WEB_Telenor_Nube_TiB|Any CPU.Build.0 = Debug|Any CPU
		{7247C97A-D875-4E70-8561-9A37DF0FC580}.WEB_Telenor_TiB|Any CPU.ActiveCfg = Debug|Any CPU
		{7247C97A-D875-4E70-8561-9A37DF0FC580}.WEB_Telenor_TiB|Any CPU.Build.0 = Debug|Any CPU
		{674F9A3D-99A6-44AD-883A-098CA55A54E5}._Desarrollador_Fran|Any CPU.ActiveCfg = Debug|Any CPU
		{674F9A3D-99A6-44AD-883A-098CA55A54E5}._Desarrollador_Fran|Any CPU.Build.0 = Debug|Any CPU
		{674F9A3D-99A6-44AD-883A-098CA55A54E5}._Desarrollador_JaviDominguez|Any CPU.ActiveCfg = Debug|Any CPU
		{674F9A3D-99A6-44AD-883A-098CA55A54E5}._Desarrollador_JaviDominguez|Any CPU.Build.0 = Debug|Any CPU
		{674F9A3D-99A6-44AD-883A-098CA55A54E5}._Desarrollador_MiguelAngel|Any CPU.ActiveCfg = Debug|Any CPU
		{674F9A3D-99A6-44AD-883A-098CA55A54E5}._Desarrollador_MiguelAngel|Any CPU.Build.0 = Debug|Any CPU
		{674F9A3D-99A6-44AD-883A-098CA55A54E5}._Desarrollador_Pedro|Any CPU.ActiveCfg = Debug|Any CPU
		{674F9A3D-99A6-44AD-883A-098CA55A54E5}._Desarrollador_Pedro|Any CPU.Build.0 = Debug|Any CPU
		{674F9A3D-99A6-44AD-883A-098CA55A54E5}.Debug|Any CPU.ActiveCfg = Debug|Any CPU
		{674F9A3D-99A6-44AD-883A-098CA55A54E5}.Debug|Any CPU.Build.0 = Debug|Any CPU
		{674F9A3D-99A6-44AD-883A-098CA55A54E5}.Release|Any CPU.ActiveCfg = Release|Any CPU
		{674F9A3D-99A6-44AD-883A-098CA55A54E5}.Release|Any CPU.Build.0 = Release|Any CPU
		{674F9A3D-99A6-44AD-883A-098CA55A54E5}.WEB_Release|Any CPU.ActiveCfg = Release|Any CPU
		{674F9A3D-99A6-44AD-883A-098CA55A54E5}.WEB_Release|Any CPU.Build.0 = Release|Any CPU
		{674F9A3D-99A6-44AD-883A-098CA55A54E5}.WEB_Telenor_Nube_Olivo|Any CPU.ActiveCfg = Debug|Any CPU
		{674F9A3D-99A6-44AD-883A-098CA55A54E5}.WEB_Telenor_Nube_Olivo|Any CPU.Build.0 = Debug|Any CPU
		{674F9A3D-99A6-44AD-883A-098CA55A54E5}.WEB_Telenor_Nube_TiB|Any CPU.ActiveCfg = Debug|Any CPU
		{674F9A3D-99A6-44AD-883A-098CA55A54E5}.WEB_Telenor_Nube_TiB|Any CPU.Build.0 = Debug|Any CPU
		{674F9A3D-99A6-44AD-883A-098CA55A54E5}.WEB_Telenor_TiB|Any CPU.ActiveCfg = Debug|Any CPU
		{674F9A3D-99A6-44AD-883A-098CA55A54E5}.WEB_Telenor_TiB|Any CPU.Build.0 = Debug|Any CPU
		{F90B3D70-6812-46C9-B50D-ED09E4B04124}._Desarrollador_Fran|Any CPU.ActiveCfg = Debug|Any CPU
		{F90B3D70-6812-46C9-B50D-ED09E4B04124}._Desarrollador_Fran|Any CPU.Build.0 = Debug|Any CPU
		{F90B3D70-6812-46C9-B50D-ED09E4B04124}._Desarrollador_JaviDominguez|Any CPU.ActiveCfg = Debug|Any CPU
		{F90B3D70-6812-46C9-B50D-ED09E4B04124}._Desarrollador_JaviDominguez|Any CPU.Build.0 = Debug|Any CPU
		{F90B3D70-6812-46C9-B50D-ED09E4B04124}._Desarrollador_MiguelAngel|Any CPU.ActiveCfg = Debug|Any CPU
		{F90B3D70-6812-46C9-B50D-ED09E4B04124}._Desarrollador_MiguelAngel|Any CPU.Build.0 = Debug|Any CPU
		{F90B3D70-6812-46C9-B50D-ED09E4B04124}._Desarrollador_Pedro|Any CPU.ActiveCfg = Debug|Any CPU
		{F90B3D70-6812-46C9-B50D-ED09E4B04124}._Desarrollador_Pedro|Any CPU.Build.0 = Debug|Any CPU
		{F90B3D70-6812-46C9-B50D-ED09E4B04124}.Debug|Any CPU.ActiveCfg = Debug|Any CPU
		{F90B3D70-6812-46C9-B50D-ED09E4B04124}.Debug|Any CPU.Build.0 = Debug|Any CPU
		{F90B3D70-6812-46C9-B50D-ED09E4B04124}.Release|Any CPU.ActiveCfg = Release|Any CPU
		{F90B3D70-6812-46C9-B50D-ED09E4B04124}.Release|Any CPU.Build.0 = Release|Any CPU
		{F90B3D70-6812-46C9-B50D-ED09E4B04124}.WEB_Release|Any CPU.ActiveCfg = Release|Any CPU
		{F90B3D70-6812-46C9-B50D-ED09E4B04124}.WEB_Release|Any CPU.Build.0 = Release|Any CPU
		{F90B3D70-6812-46C9-B50D-ED09E4B04124}.WEB_Telenor_Nube_Olivo|Any CPU.ActiveCfg = Debug|Any CPU
		{F90B3D70-6812-46C9-B50D-ED09E4B04124}.WEB_Telenor_Nube_Olivo|Any CPU.Build.0 = Debug|Any CPU
		{F90B3D70-6812-46C9-B50D-ED09E4B04124}.WEB_Telenor_Nube_TiB|Any CPU.ActiveCfg = Debug|Any CPU
		{F90B3D70-6812-46C9-B50D-ED09E4B04124}.WEB_Telenor_Nube_TiB|Any CPU.Build.0 = Debug|Any CPU
		{F90B3D70-6812-46C9-B50D-ED09E4B04124}.WEB_Telenor_TiB|Any CPU.ActiveCfg = Debug|Any CPU
		{F90B3D70-6812-46C9-B50D-ED09E4B04124}.WEB_Telenor_TiB|Any CPU.Build.0 = Debug|Any CPU
		{92D5A522-8A04-48EF-9E09-F7A5F6BCC796}._Desarrollador_Fran|Any CPU.ActiveCfg = Debug|Any CPU
		{92D5A522-8A04-48EF-9E09-F7A5F6BCC796}._Desarrollador_Fran|Any CPU.Build.0 = Debug|Any CPU
		{92D5A522-8A04-48EF-9E09-F7A5F6BCC796}._Desarrollador_JaviDominguez|Any CPU.ActiveCfg = Debug|Any CPU
		{92D5A522-8A04-48EF-9E09-F7A5F6BCC796}._Desarrollador_JaviDominguez|Any CPU.Build.0 = Debug|Any CPU
		{92D5A522-8A04-48EF-9E09-F7A5F6BCC796}._Desarrollador_MiguelAngel|Any CPU.ActiveCfg = Debug|Any CPU
		{92D5A522-8A04-48EF-9E09-F7A5F6BCC796}._Desarrollador_MiguelAngel|Any CPU.Build.0 = Debug|Any CPU
		{92D5A522-8A04-48EF-9E09-F7A5F6BCC796}._Desarrollador_Pedro|Any CPU.ActiveCfg = Debug|Any CPU
		{92D5A522-8A04-48EF-9E09-F7A5F6BCC796}._Desarrollador_Pedro|Any CPU.Build.0 = Debug|Any CPU
		{92D5A522-8A04-48EF-9E09-F7A5F6BCC796}.Debug|Any CPU.ActiveCfg = Debug|Any CPU
		{92D5A522-8A04-48EF-9E09-F7A5F6BCC796}.Debug|Any CPU.Build.0 = Debug|Any CPU
		{92D5A522-8A04-48EF-9E09-F7A5F6BCC796}.Release|Any CPU.ActiveCfg = Release|Any CPU
		{92D5A522-8A04-48EF-9E09-F7A5F6BCC796}.Release|Any CPU.Build.0 = Release|Any CPU
		{92D5A522-8A04-48EF-9E09-F7A5F6BCC796}.WEB_Release|Any CPU.ActiveCfg = Release|Any CPU
		{92D5A522-8A04-48EF-9E09-F7A5F6BCC796}.WEB_Release|Any CPU.Build.0 = Release|Any CPU
		{92D5A522-8A04-48EF-9E09-F7A5F6BCC796}.WEB_Telenor_Nube_Olivo|Any CPU.ActiveCfg = Debug|Any CPU
		{92D5A522-8A04-48EF-9E09-F7A5F6BCC796}.WEB_Telenor_Nube_Olivo|Any CPU.Build.0 = Debug|Any CPU
		{92D5A522-8A04-48EF-9E09-F7A5F6BCC796}.WEB_Telenor_Nube_TiB|Any CPU.ActiveCfg = Debug|Any CPU
		{92D5A522-8A04-48EF-9E09-F7A5F6BCC796}.WEB_Telenor_Nube_TiB|Any CPU.Build.0 = Debug|Any CPU
		{92D5A522-8A04-48EF-9E09-F7A5F6BCC796}.WEB_Telenor_TiB|Any CPU.ActiveCfg = Debug|Any CPU
		{92D5A522-8A04-48EF-9E09-F7A5F6BCC796}.WEB_Telenor_TiB|Any CPU.Build.0 = Debug|Any CPU
		{22750E5E-AE4C-4BFA-8F77-89785C449073}._Desarrollador_Fran|Any CPU.ActiveCfg = _Desarrollador_Fran|Any CPU
		{22750E5E-AE4C-4BFA-8F77-89785C449073}._Desarrollador_Fran|Any CPU.Build.0 = _Desarrollador_Fran|Any CPU
		{22750E5E-AE4C-4BFA-8F77-89785C449073}._Desarrollador_JaviDominguez|Any CPU.ActiveCfg = _Desarrollador_JaviDominguez|Any CPU
		{22750E5E-AE4C-4BFA-8F77-89785C449073}._Desarrollador_JaviDominguez|Any CPU.Build.0 = _Desarrollador_JaviDominguez|Any CPU
		{22750E5E-AE4C-4BFA-8F77-89785C449073}._Desarrollador_MiguelAngel|Any CPU.ActiveCfg = _Desarrollador_MiguelAngel|Any CPU
		{22750E5E-AE4C-4BFA-8F77-89785C449073}._Desarrollador_MiguelAngel|Any CPU.Build.0 = _Desarrollador_MiguelAngel|Any CPU
		{22750E5E-AE4C-4BFA-8F77-89785C449073}._Desarrollador_Pedro|Any CPU.ActiveCfg = _Desarrollador_Pedro|Any CPU
		{22750E5E-AE4C-4BFA-8F77-89785C449073}._Desarrollador_Pedro|Any CPU.Build.0 = _Desarrollador_Pedro|Any CPU
		{22750E5E-AE4C-4BFA-8F77-89785C449073}.Debug|Any CPU.ActiveCfg = Debug|Any CPU
		{22750E5E-AE4C-4BFA-8F77-89785C449073}.Debug|Any CPU.Build.0 = Debug|Any CPU
		{22750E5E-AE4C-4BFA-8F77-89785C449073}.Release|Any CPU.ActiveCfg = WEB_Release|Any CPU
		{22750E5E-AE4C-4BFA-8F77-89785C449073}.Release|Any CPU.Build.0 = WEB_Release|Any CPU
		{22750E5E-AE4C-4BFA-8F77-89785C449073}.WEB_Release|Any CPU.ActiveCfg = WEB_Release|Any CPU
		{22750E5E-AE4C-4BFA-8F77-89785C449073}.WEB_Release|Any CPU.Build.0 = WEB_Release|Any CPU
		{22750E5E-AE4C-4BFA-8F77-89785C449073}.WEB_Telenor_Nube_Olivo|Any CPU.ActiveCfg = WEB_Telenor_Nube_Olivo|Any CPU
		{22750E5E-AE4C-4BFA-8F77-89785C449073}.WEB_Telenor_Nube_Olivo|Any CPU.Build.0 = WEB_Telenor_Nube_Olivo|Any CPU
		{22750E5E-AE4C-4BFA-8F77-89785C449073}.WEB_Telenor_Nube_TiB|Any CPU.ActiveCfg = WEB_Telenor_Nube_TiB|Any CPU
		{22750E5E-AE4C-4BFA-8F77-89785C449073}.WEB_Telenor_Nube_TiB|Any CPU.Build.0 = WEB_Telenor_Nube_TiB|Any CPU
		{22750E5E-AE4C-4BFA-8F77-89785C449073}.WEB_Telenor_TiB|Any CPU.ActiveCfg = WEB_Telenor_TiB|Any CPU
		{22750E5E-AE4C-4BFA-8F77-89785C449073}.WEB_Telenor_TiB|Any CPU.Build.0 = WEB_Telenor_TiB|Any CPU
		{D288CF51-0AC9-4E00-A20B-B061035D97B4}._Desarrollador_Fran|Any CPU.ActiveCfg = Debug|Any CPU
		{D288CF51-0AC9-4E00-A20B-B061035D97B4}._Desarrollador_Fran|Any CPU.Build.0 = Debug|Any CPU
		{D288CF51-0AC9-4E00-A20B-B061035D97B4}._Desarrollador_JaviDominguez|Any CPU.ActiveCfg = Debug|Any CPU
		{D288CF51-0AC9-4E00-A20B-B061035D97B4}._Desarrollador_JaviDominguez|Any CPU.Build.0 = Debug|Any CPU
		{D288CF51-0AC9-4E00-A20B-B061035D97B4}._Desarrollador_MiguelAngel|Any CPU.ActiveCfg = Debug|Any CPU
		{D288CF51-0AC9-4E00-A20B-B061035D97B4}._Desarrollador_MiguelAngel|Any CPU.Build.0 = Debug|Any CPU
		{D288CF51-0AC9-4E00-A20B-B061035D97B4}._Desarrollador_Pedro|Any CPU.ActiveCfg = Debug|Any CPU
		{D288CF51-0AC9-4E00-A20B-B061035D97B4}._Desarrollador_Pedro|Any CPU.Build.0 = Debug|Any CPU
		{D288CF51-0AC9-4E00-A20B-B061035D97B4}.Debug|Any CPU.ActiveCfg = Debug|Any CPU
		{D288CF51-0AC9-4E00-A20B-B061035D97B4}.Debug|Any CPU.Build.0 = Debug|Any CPU
		{D288CF51-0AC9-4E00-A20B-B061035D97B4}.Release|Any CPU.ActiveCfg = Release|Any CPU
		{D288CF51-0AC9-4E00-A20B-B061035D97B4}.Release|Any CPU.Build.0 = Release|Any CPU
		{D288CF51-0AC9-4E00-A20B-B061035D97B4}.WEB_Release|Any CPU.ActiveCfg = Release|Any CPU
		{D288CF51-0AC9-4E00-A20B-B061035D97B4}.WEB_Release|Any CPU.Build.0 = Release|Any CPU
		{D288CF51-0AC9-4E00-A20B-B061035D97B4}.WEB_Telenor_Nube_Olivo|Any CPU.ActiveCfg = Debug|Any CPU
		{D288CF51-0AC9-4E00-A20B-B061035D97B4}.WEB_Telenor_Nube_Olivo|Any CPU.Build.0 = Debug|Any CPU
		{D288CF51-0AC9-4E00-A20B-B061035D97B4}.WEB_Telenor_Nube_TiB|Any CPU.ActiveCfg = Debug|Any CPU
		{D288CF51-0AC9-4E00-A20B-B061035D97B4}.WEB_Telenor_Nube_TiB|Any CPU.Build.0 = Debug|Any CPU
		{D288CF51-0AC9-4E00-A20B-B061035D97B4}.WEB_Telenor_TiB|Any CPU.ActiveCfg = Debug|Any CPU
		{D288CF51-0AC9-4E00-A20B-B061035D97B4}.WEB_Telenor_TiB|Any CPU.Build.0 = Debug|Any CPU
		{330A994D-F014-4E38-B715-143844BE04AB}._Desarrollador_Fran|Any CPU.ActiveCfg = Debug|Any CPU
		{330A994D-F014-4E38-B715-143844BE04AB}._Desarrollador_Fran|Any CPU.Build.0 = Debug|Any CPU
		{330A994D-F014-4E38-B715-143844BE04AB}._Desarrollador_JaviDominguez|Any CPU.ActiveCfg = Debug|Any CPU
		{330A994D-F014-4E38-B715-143844BE04AB}._Desarrollador_JaviDominguez|Any CPU.Build.0 = Debug|Any CPU
		{330A994D-F014-4E38-B715-143844BE04AB}._Desarrollador_MiguelAngel|Any CPU.ActiveCfg = Debug|Any CPU
		{330A994D-F014-4E38-B715-143844BE04AB}._Desarrollador_MiguelAngel|Any CPU.Build.0 = Debug|Any CPU
		{330A994D-F014-4E38-B715-143844BE04AB}._Desarrollador_Pedro|Any CPU.ActiveCfg = Debug|Any CPU
		{330A994D-F014-4E38-B715-143844BE04AB}._Desarrollador_Pedro|Any CPU.Build.0 = Debug|Any CPU
		{330A994D-F014-4E38-B715-143844BE04AB}.Debug|Any CPU.ActiveCfg = Debug|Any CPU
		{330A994D-F014-4E38-B715-143844BE04AB}.Debug|Any CPU.Build.0 = Debug|Any CPU
		{330A994D-F014-4E38-B715-143844BE04AB}.Release|Any CPU.ActiveCfg = Release|Any CPU
		{330A994D-F014-4E38-B715-143844BE04AB}.Release|Any CPU.Build.0 = Release|Any CPU
		{330A994D-F014-4E38-B715-143844BE04AB}.WEB_Release|Any CPU.ActiveCfg = Release|Any CPU
		{330A994D-F014-4E38-B715-143844BE04AB}.WEB_Release|Any CPU.Build.0 = Release|Any CPU
		{330A994D-F014-4E38-B715-143844BE04AB}.WEB_Telenor_Nube_Olivo|Any CPU.ActiveCfg = Debug|Any CPU
		{330A994D-F014-4E38-B715-143844BE04AB}.WEB_Telenor_Nube_Olivo|Any CPU.Build.0 = Debug|Any CPU
		{330A994D-F014-4E38-B715-143844BE04AB}.WEB_Telenor_Nube_TiB|Any CPU.ActiveCfg = Debug|Any CPU
		{330A994D-F014-4E38-B715-143844BE04AB}.WEB_Telenor_Nube_TiB|Any CPU.Build.0 = Debug|Any CPU
		{330A994D-F014-4E38-B715-143844BE04AB}.WEB_Telenor_TiB|Any CPU.ActiveCfg = Debug|Any CPU
		{330A994D-F014-4E38-B715-143844BE04AB}.WEB_Telenor_TiB|Any CPU.Build.0 = Debug|Any CPU
		{CB10C69C-ACE4-4881-A90E-761328C1DEA1}._Desarrollador_Fran|Any CPU.ActiveCfg = Debug|Any CPU
		{CB10C69C-ACE4-4881-A90E-761328C1DEA1}._Desarrollador_Fran|Any CPU.Build.0 = Debug|Any CPU
		{CB10C69C-ACE4-4881-A90E-761328C1DEA1}._Desarrollador_JaviDominguez|Any CPU.ActiveCfg = Debug|Any CPU
		{CB10C69C-ACE4-4881-A90E-761328C1DEA1}._Desarrollador_JaviDominguez|Any CPU.Build.0 = Debug|Any CPU
		{CB10C69C-ACE4-4881-A90E-761328C1DEA1}._Desarrollador_MiguelAngel|Any CPU.ActiveCfg = Debug|Any CPU
		{CB10C69C-ACE4-4881-A90E-761328C1DEA1}._Desarrollador_MiguelAngel|Any CPU.Build.0 = Debug|Any CPU
		{CB10C69C-ACE4-4881-A90E-761328C1DEA1}._Desarrollador_Pedro|Any CPU.ActiveCfg = Debug|Any CPU
		{CB10C69C-ACE4-4881-A90E-761328C1DEA1}._Desarrollador_Pedro|Any CPU.Build.0 = Debug|Any CPU
		{CB10C69C-ACE4-4881-A90E-761328C1DEA1}.Debug|Any CPU.ActiveCfg = Debug|Any CPU
		{CB10C69C-ACE4-4881-A90E-761328C1DEA1}.Debug|Any CPU.Build.0 = Debug|Any CPU
		{CB10C69C-ACE4-4881-A90E-761328C1DEA1}.Release|Any CPU.ActiveCfg = Release|Any CPU
		{CB10C69C-ACE4-4881-A90E-761328C1DEA1}.Release|Any CPU.Build.0 = Release|Any CPU
		{CB10C69C-ACE4-4881-A90E-761328C1DEA1}.WEB_Release|Any CPU.ActiveCfg = Release|Any CPU
		{CB10C69C-ACE4-4881-A90E-761328C1DEA1}.WEB_Release|Any CPU.Build.0 = Release|Any CPU
		{CB10C69C-ACE4-4881-A90E-761328C1DEA1}.WEB_Telenor_Nube_Olivo|Any CPU.ActiveCfg = Debug|Any CPU
		{CB10C69C-ACE4-4881-A90E-761328C1DEA1}.WEB_Telenor_Nube_Olivo|Any CPU.Build.0 = Debug|Any CPU
		{CB10C69C-ACE4-4881-A90E-761328C1DEA1}.WEB_Telenor_Nube_TiB|Any CPU.ActiveCfg = Debug|Any CPU
		{CB10C69C-ACE4-4881-A90E-761328C1DEA1}.WEB_Telenor_Nube_TiB|Any CPU.Build.0 = Debug|Any CPU
		{CB10C69C-ACE4-4881-A90E-761328C1DEA1}.WEB_Telenor_TiB|Any CPU.ActiveCfg = Debug|Any CPU
		{CB10C69C-ACE4-4881-A90E-761328C1DEA1}.WEB_Telenor_TiB|Any CPU.Build.0 = Debug|Any CPU
		{344CE327-BFF2-4508-8CBF-9C856D7B002E}._Desarrollador_Fran|Any CPU.ActiveCfg = Debug|Any CPU
		{344CE327-BFF2-4508-8CBF-9C856D7B002E}._Desarrollador_Fran|Any CPU.Build.0 = Debug|Any CPU
		{344CE327-BFF2-4508-8CBF-9C856D7B002E}._Desarrollador_JaviDominguez|Any CPU.ActiveCfg = Debug|Any CPU
		{344CE327-BFF2-4508-8CBF-9C856D7B002E}._Desarrollador_JaviDominguez|Any CPU.Build.0 = Debug|Any CPU
		{344CE327-BFF2-4508-8CBF-9C856D7B002E}._Desarrollador_MiguelAngel|Any CPU.ActiveCfg = Debug|Any CPU
		{344CE327-BFF2-4508-8CBF-9C856D7B002E}._Desarrollador_MiguelAngel|Any CPU.Build.0 = Debug|Any CPU
		{344CE327-BFF2-4508-8CBF-9C856D7B002E}._Desarrollador_Pedro|Any CPU.ActiveCfg = Debug|Any CPU
		{344CE327-BFF2-4508-8CBF-9C856D7B002E}._Desarrollador_Pedro|Any CPU.Build.0 = Debug|Any CPU
		{344CE327-BFF2-4508-8CBF-9C856D7B002E}.Debug|Any CPU.ActiveCfg = Debug|Any CPU
		{344CE327-BFF2-4508-8CBF-9C856D7B002E}.Debug|Any CPU.Build.0 = Debug|Any CPU
		{344CE327-BFF2-4508-8CBF-9C856D7B002E}.Release|Any CPU.ActiveCfg = Release|Any CPU
		{344CE327-BFF2-4508-8CBF-9C856D7B002E}.Release|Any CPU.Build.0 = Release|Any CPU
		{344CE327-BFF2-4508-8CBF-9C856D7B002E}.WEB_Release|Any CPU.ActiveCfg = Release|Any CPU
		{344CE327-BFF2-4508-8CBF-9C856D7B002E}.WEB_Release|Any CPU.Build.0 = Release|Any CPU
		{344CE327-BFF2-4508-8CBF-9C856D7B002E}.WEB_Telenor_Nube_Olivo|Any CPU.ActiveCfg = Debug|Any CPU
		{344CE327-BFF2-4508-8CBF-9C856D7B002E}.WEB_Telenor_Nube_Olivo|Any CPU.Build.0 = Debug|Any CPU
		{344CE327-BFF2-4508-8CBF-9C856D7B002E}.WEB_Telenor_Nube_TiB|Any CPU.ActiveCfg = Debug|Any CPU
		{344CE327-BFF2-4508-8CBF-9C856D7B002E}.WEB_Telenor_Nube_TiB|Any CPU.Build.0 = Debug|Any CPU
		{344CE327-BFF2-4508-8CBF-9C856D7B002E}.WEB_Telenor_TiB|Any CPU.ActiveCfg = Debug|Any CPU
		{344CE327-BFF2-4508-8CBF-9C856D7B002E}.WEB_Telenor_TiB|Any CPU.Build.0 = Debug|Any CPU
		{409D8150-862B-45A0-9C63-445823A977A2}._Desarrollador_Fran|Any CPU.ActiveCfg = Debug|Any CPU
		{409D8150-862B-45A0-9C63-445823A977A2}._Desarrollador_Fran|Any CPU.Build.0 = Debug|Any CPU
		{409D8150-862B-45A0-9C63-445823A977A2}._Desarrollador_JaviDominguez|Any CPU.ActiveCfg = Debug|Any CPU
		{409D8150-862B-45A0-9C63-445823A977A2}._Desarrollador_JaviDominguez|Any CPU.Build.0 = Debug|Any CPU
		{409D8150-862B-45A0-9C63-445823A977A2}._Desarrollador_MiguelAngel|Any CPU.ActiveCfg = Debug|Any CPU
		{409D8150-862B-45A0-9C63-445823A977A2}._Desarrollador_MiguelAngel|Any CPU.Build.0 = Debug|Any CPU
		{409D8150-862B-45A0-9C63-445823A977A2}._Desarrollador_Pedro|Any CPU.ActiveCfg = Debug|Any CPU
		{409D8150-862B-45A0-9C63-445823A977A2}._Desarrollador_Pedro|Any CPU.Build.0 = Debug|Any CPU
		{409D8150-862B-45A0-9C63-445823A977A2}.Debug|Any CPU.ActiveCfg = Debug|Any CPU
		{409D8150-862B-45A0-9C63-445823A977A2}.Debug|Any CPU.Build.0 = Debug|Any CPU
		{409D8150-862B-45A0-9C63-445823A977A2}.Release|Any CPU.ActiveCfg = Release|Any CPU
		{409D8150-862B-45A0-9C63-445823A977A2}.Release|Any CPU.Build.0 = Release|Any CPU
		{409D8150-862B-45A0-9C63-445823A977A2}.WEB_Release|Any CPU.ActiveCfg = Release|Any CPU
		{409D8150-862B-45A0-9C63-445823A977A2}.WEB_Release|Any CPU.Build.0 = Release|Any CPU
		{409D8150-862B-45A0-9C63-445823A977A2}.WEB_Telenor_Nube_Olivo|Any CPU.ActiveCfg = Debug|Any CPU
		{409D8150-862B-45A0-9C63-445823A977A2}.WEB_Telenor_Nube_Olivo|Any CPU.Build.0 = Debug|Any CPU
		{409D8150-862B-45A0-9C63-445823A977A2}.WEB_Telenor_Nube_TiB|Any CPU.ActiveCfg = Debug|Any CPU
		{409D8150-862B-45A0-9C63-445823A977A2}.WEB_Telenor_Nube_TiB|Any CPU.Build.0 = Debug|Any CPU
		{409D8150-862B-45A0-9C63-445823A977A2}.WEB_Telenor_TiB|Any CPU.ActiveCfg = Debug|Any CPU
		{409D8150-862B-45A0-9C63-445823A977A2}.WEB_Telenor_TiB|Any CPU.Build.0 = Debug|Any CPU
		{617083B2-0A3C-493C-8A6D-7AAB53D15F22}._Desarrollador_Fran|Any CPU.ActiveCfg = Debug|Any CPU
		{617083B2-0A3C-493C-8A6D-7AAB53D15F22}._Desarrollador_Fran|Any CPU.Build.0 = Debug|Any CPU
		{617083B2-0A3C-493C-8A6D-7AAB53D15F22}._Desarrollador_JaviDominguez|Any CPU.ActiveCfg = Debug|Any CPU
		{617083B2-0A3C-493C-8A6D-7AAB53D15F22}._Desarrollador_JaviDominguez|Any CPU.Build.0 = Debug|Any CPU
		{617083B2-0A3C-493C-8A6D-7AAB53D15F22}._Desarrollador_MiguelAngel|Any CPU.ActiveCfg = Debug|Any CPU
		{617083B2-0A3C-493C-8A6D-7AAB53D15F22}._Desarrollador_MiguelAngel|Any CPU.Build.0 = Debug|Any CPU
		{617083B2-0A3C-493C-8A6D-7AAB53D15F22}._Desarrollador_Pedro|Any CPU.ActiveCfg = Debug|Any CPU
		{617083B2-0A3C-493C-8A6D-7AAB53D15F22}._Desarrollador_Pedro|Any CPU.Build.0 = Debug|Any CPU
		{617083B2-0A3C-493C-8A6D-7AAB53D15F22}.Debug|Any CPU.ActiveCfg = Debug|Any CPU
		{617083B2-0A3C-493C-8A6D-7AAB53D15F22}.Debug|Any CPU.Build.0 = Debug|Any CPU
		{617083B2-0A3C-493C-8A6D-7AAB53D15F22}.Release|Any CPU.ActiveCfg = Release|Any CPU
		{617083B2-0A3C-493C-8A6D-7AAB53D15F22}.Release|Any CPU.Build.0 = Release|Any CPU
		{617083B2-0A3C-493C-8A6D-7AAB53D15F22}.WEB_Release|Any CPU.ActiveCfg = Release|Any CPU
		{617083B2-0A3C-493C-8A6D-7AAB53D15F22}.WEB_Release|Any CPU.Build.0 = Release|Any CPU
		{617083B2-0A3C-493C-8A6D-7AAB53D15F22}.WEB_Telenor_Nube_Olivo|Any CPU.ActiveCfg = Debug|Any CPU
		{617083B2-0A3C-493C-8A6D-7AAB53D15F22}.WEB_Telenor_Nube_Olivo|Any CPU.Build.0 = Debug|Any CPU
		{617083B2-0A3C-493C-8A6D-7AAB53D15F22}.WEB_Telenor_Nube_TiB|Any CPU.ActiveCfg = Debug|Any CPU
		{617083B2-0A3C-493C-8A6D-7AAB53D15F22}.WEB_Telenor_Nube_TiB|Any CPU.Build.0 = Debug|Any CPU
		{617083B2-0A3C-493C-8A6D-7AAB53D15F22}.WEB_Telenor_TiB|Any CPU.ActiveCfg = Debug|Any CPU
		{617083B2-0A3C-493C-8A6D-7AAB53D15F22}.WEB_Telenor_TiB|Any CPU.Build.0 = Debug|Any CPU
	EndGlobalSection
	GlobalSection(SolutionProperties) = preSolution
		HideSolutionNode = FALSE
	EndGlobalSection
	GlobalSection(NestedProjects) = preSolution
		{65936867-1EB1-45DC-8D68-68AB7573C165} = {DD104AE9-5BF7-4E77-B640-A1806CA54089}
		{88DAF2FE-8CA0-4D5B-BFF6-D36058110F63} = {DD104AE9-5BF7-4E77-B640-A1806CA54089}
		{F11CCD0D-1246-4144-B6C7-91946178A5C9} = {DD104AE9-5BF7-4E77-B640-A1806CA54089}
		{6AC5C065-12EB-4B21-9482-C9B13E9D45F4} = {DD104AE9-5BF7-4E77-B640-A1806CA54089}
		{7247C97A-D875-4E70-8561-9A37DF0FC580} = {DD104AE9-5BF7-4E77-B640-A1806CA54089}
		{674F9A3D-99A6-44AD-883A-098CA55A54E5} = {DD104AE9-5BF7-4E77-B640-A1806CA54089}
		{F90B3D70-6812-46C9-B50D-ED09E4B04124} = {DD104AE9-5BF7-4E77-B640-A1806CA54089}
		{92D5A522-8A04-48EF-9E09-F7A5F6BCC796} = {DD104AE9-5BF7-4E77-B640-A1806CA54089}
		{22750E5E-AE4C-4BFA-8F77-89785C449073} = {ABE7644A-9B98-4130-AF82-EE37FC9CF6F0}
		{D288CF51-0AC9-4E00-A20B-B061035D97B4} = {5AB6AC45-DAB1-46DC-95CC-79201B47BC9C}
		{330A994D-F014-4E38-B715-143844BE04AB} = {5AB6AC45-DAB1-46DC-95CC-79201B47BC9C}
		{CB10C69C-ACE4-4881-A90E-761328C1DEA1} = {5AB6AC45-DAB1-46DC-95CC-79201B47BC9C}
		{344CE327-BFF2-4508-8CBF-9C856D7B002E} = {5AB6AC45-DAB1-46DC-95CC-79201B47BC9C}
		{409D8150-862B-45A0-9C63-445823A977A2} = {5AB6AC45-DAB1-46DC-95CC-79201B47BC9C}
		{617083B2-0A3C-493C-8A6D-7AAB53D15F22} = {5AB6AC45-DAB1-46DC-95CC-79201B47BC9C}
	EndGlobalSection
	GlobalSection(ExtensibilityGlobals) = postSolution
		SolutionGuid = {B336D8F9-62FE-49D4-87D7-95627C76F845}
	EndGlobalSection
EndGlobal
